
Microsoft Visual Studio Solution File, Format Version 12.00
# Visual Studio Version 16
VisualStudioVersion = 16.0.30804.86
MinimumVisualStudioVersion = 10.0.40219.1
Project("{9A19103F-16F7-4668-BE54-9A1E7A4F7556}") = "WebMvcPack", "WebMvcPack\WebMvcPack.csproj", "{F69F2579-5B9D-42FA-9BDA-BCE2AF7C8DAA}"
EndProject
Global
	GlobalSection(SolutionConfigurationPlatforms) = preSolution
		Debug|Any CPU = Debug|Any CPU
		Release|Any CPU = Release|Any CPU
	EndGlobalSection
	GlobalSection(ProjectConfigurationPlatforms) = postSolution
		{F69F2579-5B9D-42FA-9BDA-BCE2AF7C8DAA}.Debug|Any CPU.ActiveCfg = Debug|Any CPU
		{F69F2579-5B9D-42FA-9BDA-BCE2AF7C8DAA}.Debug|Any CPU.Build.0 = Debug|Any CPU
		{F69F2579-5B9D-42FA-9BDA-BCE2AF7C8DAA}.Release|Any CPU.ActiveCfg = Release|Any CPU
		{F69F2579-5B9D-42FA-9BDA-BCE2AF7C8DAA}.Release|Any CPU.Build.0 = Release|Any CPU
	EndGlobalSection
	GlobalSection(SolutionProperties) = preSolution
		HideSolutionNode = FALSE
	EndGlobalSection
	GlobalSection(ExtensibilityGlobals) = postSolution
		SolutionGuid = {A934DCD9-B3B5-41A1-AE7D-D799A047386D}
	EndGlobalSection
EndGlobal
